
Microsoft Visual Studio Solution File, Format Version 12.00
# Visual Studio 2013
VisualStudioVersion = 12.0.21005.1
MinimumVisualStudioVersion = 10.0.40219.1
Project("{FAE04EC0-301F-11D3-BF4B-00C04F79EFBC}") = "OfficeOASystem", "OfficeOASystem.csproj", "{05E2A06E-4844-4916-92FC-5BB1A857A9F5}"
EndProject
Project("{FAE04EC0-301F-11D3-BF4B-00C04F79EFBC}") = "OfficeOASystem.Common", "Common\OfficeOASystem.Common.csproj", "{F29F6041-1B26-48A7-910F-E8F58671C2C2}"
EndProject
Project("{FAE04EC0-301F-11D3-BF4B-00C04F79EFBC}") = "OfficeOASystem.DataOperator", "OfficeOASystem.DataOperator\OfficeOASystem.DataOperator.csproj", "{A9E5191F-0912-4B82-AFEB-98AF854562A8}"
EndProject
Project("{FAE04EC0-301F-11D3-BF4B-00C04F79EFBC}") = "OfficeOASystem.Security", "OfficeOASystem.Security\OfficeOASystem.Security.csproj", "{1D5399CB-2D53-4AE2-BEFF-2E551A0431A1}"
EndProject
Project("{FAE04EC0-301F-11D3-BF4B-00C04F79EFBC}") = "OfficeOASystem.Transmission", "OfficeOASystem.Transmission\OfficeOASystem.Transmission.csproj", "{58878C8C-8F51-449A-AB53-9B28B3F9BC68}"
EndProject
Global
	GlobalSection(SolutionConfigurationPlatforms) = preSolution
		Debug|Any CPU = Debug|Any CPU
		Release|Any CPU = Release|Any CPU
	EndGlobalSection
	GlobalSection(ProjectConfigurationPlatforms) = postSolution
		{05E2A06E-4844-4916-92FC-5BB1A857A9F5}.Debug|Any CPU.ActiveCfg = Debug|Any CPU
		{05E2A06E-4844-4916-92FC-5BB1A857A9F5}.Debug|Any CPU.Build.0 = Debug|Any CPU
		{05E2A06E-4844-4916-92FC-5BB1A857A9F5}.Release|Any CPU.ActiveCfg = Release|Any CPU
		{05E2A06E-4844-4916-92FC-5BB1A857A9F5}.Release|Any CPU.Build.0 = Release|Any CPU
		{F29F6041-1B26-48A7-910F-E8F58671C2C2}.Debug|Any CPU.ActiveCfg = Debug|Any CPU
		{F29F6041-1B26-48A7-910F-E8F58671C2C2}.Debug|Any CPU.Build.0 = Debug|Any CPU
		{F29F6041-1B26-48A7-910F-E8F58671C2C2}.Release|Any CPU.ActiveCfg = Release|Any CPU
		{F29F6041-1B26-48A7-910F-E8F58671C2C2}.Release|Any CPU.Build.0 = Release|Any CPU
		{A9E5191F-0912-4B82-AFEB-98AF854562A8}.Debug|Any CPU.ActiveCfg = Debug|Any CPU
		{A9E5191F-0912-4B82-AFEB-98AF854562A8}.Debug|Any CPU.Build.0 = Debug|Any CPU
		{A9E5191F-0912-4B82-AFEB-98AF854562A8}.Release|Any CPU.ActiveCfg = Release|Any CPU
		{A9E5191F-0912-4B82-AFEB-98AF854562A8}.Release|Any CPU.Build.0 = Release|Any CPU
		{1D5399CB-2D53-4AE2-BEFF-2E551A0431A1}.Debug|Any CPU.ActiveCfg = Debug|Any CPU
		{1D5399CB-2D53-4AE2-BEFF-2E551A0431A1}.Debug|Any CPU.Build.0 = Debug|Any CPU
		{1D5399CB-2D53-4AE2-BEFF-2E551A0431A1}.Release|Any CPU.ActiveCfg = Release|Any CPU
		{1D5399CB-2D53-4AE2-BEFF-2E551A0431A1}.Release|Any CPU.Build.0 = Release|Any CPU
		{58878C8C-8F51-449A-AB53-9B28B3F9BC68}.Debug|Any CPU.ActiveCfg = Debug|Any CPU
		{58878C8C-8F51-449A-AB53-9B28B3F9BC68}.Debug|Any CPU.Build.0 = Debug|Any CPU
		{58878C8C-8F51-449A-AB53-9B28B3F9BC68}.Release|Any CPU.ActiveCfg = Release|Any CPU
		{58878C8C-8F51-449A-AB53-9B28B3F9BC68}.Release|Any CPU.Build.0 = Release|Any CPU
	EndGlobalSection
	GlobalSection(SolutionProperties) = preSolution
		HideSolutionNode = FALSE
	EndGlobalSection
EndGlobal
